
Microsoft Visual Studio Solution File, Format Version 12.00
# Visual Studio Version 17
VisualStudioVersion = 17.3.32825.248
MinimumVisualStudioVersion = 10.0.40219.1
Project("{FAE04EC0-301F-11D3-BF4B-00C04F79EFBC}") = "SudokuValidator", "SudokuValidator\SudokuValidator.csproj", "{EFD62B39-4F7B-4BDA-B97E-110C04A4082C}"
EndProject
Global
	GlobalSection(SolutionConfigurationPlatforms) = preSolution
		Debug|Any CPU = Debug|Any CPU
		Release|Any CPU = Release|Any CPU
	EndGlobalSection
	GlobalSection(ProjectConfigurationPlatforms) = postSolution
		{EFD62B39-4F7B-4BDA-B97E-110C04A4082C}.Debug|Any CPU.ActiveCfg = Debug|Any CPU
		{EFD62B39-4F7B-4BDA-B97E-110C04A4082C}.Debug|Any CPU.Build.0 = Debug|Any CPU
		{EFD62B39-4F7B-4BDA-B97E-110C04A4082C}.Release|Any CPU.ActiveCfg = Release|Any CPU
		{EFD62B39-4F7B-4BDA-B97E-110C04A4082C}.Release|Any CPU.Build.0 = Release|Any CPU
	EndGlobalSection
	GlobalSection(SolutionProperties) = preSolution
		HideSolutionNode = FALSE
	EndGlobalSection
	GlobalSection(ExtensibilityGlobals) = postSolution
		SolutionGuid = {FBE66361-0FDA-4FB8-A9BF-BDF6B023327F}
	EndGlobalSection
EndGlobal
