
Microsoft Visual Studio Solution File, Format Version 12.00
# Visual Studio Version 17
VisualStudioVersion = 17.3.32929.385
MinimumVisualStudioVersion = 10.0.40219.1
Project("{FAE04EC0-301F-11D3-BF4B-00C04F79EFBC}") = "AppAndroid-V0.1.3", "AppAndroid-V0.1.3.csproj", "{2271F548-E566-4DB4-8DAB-AD7F410B7D4C}"
EndProject
Global
	GlobalSection(SolutionConfigurationPlatforms) = preSolution
		Debug|Any CPU = Debug|Any CPU
		Release|Any CPU = Release|Any CPU
	EndGlobalSection
	GlobalSection(ProjectConfigurationPlatforms) = postSolution
		{2271F548-E566-4DB4-8DAB-AD7F410B7D4C}.Debug|Any CPU.ActiveCfg = Debug|Any CPU
		{2271F548-E566-4DB4-8DAB-AD7F410B7D4C}.Debug|Any CPU.Build.0 = Debug|Any CPU
		{2271F548-E566-4DB4-8DAB-AD7F410B7D4C}.Debug|Any CPU.Deploy.0 = Debug|Any CPU
		{2271F548-E566-4DB4-8DAB-AD7F410B7D4C}.Release|Any CPU.ActiveCfg = Release|Any CPU
		{2271F548-E566-4DB4-8DAB-AD7F410B7D4C}.Release|Any CPU.Build.0 = Release|Any CPU
		{2271F548-E566-4DB4-8DAB-AD7F410B7D4C}.Release|Any CPU.Deploy.0 = Release|Any CPU
	EndGlobalSection
	GlobalSection(SolutionProperties) = preSolution
		HideSolutionNode = FALSE
	EndGlobalSection
	GlobalSection(ExtensibilityGlobals) = postSolution
		SolutionGuid = {43013940-F85F-42B5-B346-BB8C58AFA43B}
	EndGlobalSection
EndGlobal
